{
  "version": 4,
  "terraform_version": "1.5.7",
  "serial": 397,
  "lineage": "eb8d6184-0595-fe66-b04c-e09459e0a235",
  "outputs": {
    "bigquery_dataset_id": {
      "value": "pipeline_data_dev",
      "type": "string"
    },
    "bigquery_errors_table_id": {
      "value": "payment_errors",
      "type": "string"
    },
    "bigquery_payments_table_id": {
      "value": "payments",
      "type": "string"
    },
    "bigtable_instance_name": {
      "value": "pipeline-dev",
      "type": "string"
    },
    "subscription_path": {
      "value": "projects/agentic-experiments-446019/subscriptions/payments-sub-dev",
      "type": "string"
    },
    "topic_id": {
      "value": "projects/agentic-experiments-446019/topics/payments-dev",
      "type": "string"
    }
  },
  "resources": [
    {
      "module": "module.databases",
      "mode": "managed",
      "type": "google_bigquery_table",
      "name": "errors",
      "provider": "provider[\"registry.terraform.io/hashicorp/google\"]",
      "instances": []
    },
    {
      "module": "module.databases",
      "mode": "managed",
      "type": "google_bigquery_table",
      "name": "payments",
      "provider": "provider[\"registry.terraform.io/hashicorp/google\"]",
      "instances": []
    },
    {
      "module": "module.databases",
      "mode": "managed",
      "type": "google_bigtable_instance",
      "name": "pipeline_instance",
      "provider": "provider[\"registry.terraform.io/hashicorp/google\"]",
      "instances": [
        {
          "schema_version": 1,
          "attributes": {
            "cluster": [
              {
                "autoscaling_config": [],
                "cluster_id": "pipeline-dev-cluster",
                "kms_key_name": "",
                "num_nodes": 1,
                "storage_type": "SSD",
                "zone": "us-central1-a"
              }
            ],
            "deletion_protection": false,
            "display_name": "pipeline-dev",
            "id": "projects/agentic-experiments-446019/instances/pipeline-dev",
            "instance_type": "PRODUCTION",
            "labels": {},
            "name": "pipeline-dev",
            "project": "agentic-experiments-446019",
            "timeouts": null
          },
          "sensitive_attributes": [],
          "private": "eyJlMmJmYjczMC1lY2FhLTExZTYtOGY4OC0zNDM2M2JjN2M0YzAiOnsiY3JlYXRlIjozNjAwMDAwMDAwMDAwLCJyZWFkIjozNjAwMDAwMDAwMDAwLCJ1cGRhdGUiOjM2MDAwMDAwMDAwMDB9LCJzY2hlbWFfdmVyc2lvbiI6IjEifQ==",
          "dependencies": [
            "module.iam.data.google_project.project",
            "module.iam.google_project_iam_custom_role.pipeline_custom_role",
            "module.iam.google_project_iam_member.compute_service_account",
            "module.iam.google_project_iam_member.pipeline_custom_role",
            "module.iam.google_project_iam_member.pipeline_roles",
            "module.iam.google_service_account.pipeline_service_account",
            "module.services.google_project_service.required_apis"
          ]
        }
      ]
    },
    {
      "module": "module.iam",
      "mode": "data",
      "type": "google_project",
      "name": "project",
      "provider": "provider[\"registry.terraform.io/hashicorp/google\"]",
      "instances": [
        {
          "schema_version": 0,
          "attributes": {
            "auto_create_network": null,
            "billing_account": "01325A-40E3AE-0613C4",
            "folder_id": "",
            "id": "projects/agentic-experiments-446019",
            "labels": {},
            "name": "agentic-experiments",
            "number": "867895878306",
            "org_id": "152321934817",
            "project_id": "agentic-experiments-446019",
            "skip_delete": null
          },
          "sensitive_attributes": []
        }
      ]
    },
    {
      "module": "module.iam",
      "mode": "managed",
      "type": "google_project_iam_custom_role",
      "name": "pipeline_custom_role",
      "provider": "provider[\"registry.terraform.io/hashicorp/google\"]",
      "instances": [
        {
          "schema_version": 0,
          "attributes": {
            "deleted": false,
            "description": "Custom role for the payment pipeline",
            "id": "projects/agentic-experiments-446019/roles/paymentPipelineRoledev",
            "name": "projects/agentic-experiments-446019/roles/paymentPipelineRoledev",
            "permissions": [
              "bigquery.datasets.create",
              "bigquery.datasets.get",
              "bigquery.jobs.create",
              "bigquery.tables.create",
              "bigquery.tables.delete",
              "bigquery.tables.get",
              "bigquery.tables.update",
              "bigquery.tables.updateData",
              "bigtable.tables.mutateRows",
              "bigtable.tables.readRows",
              "pubsub.subscriptions.consume",
              "pubsub.topics.publish"
            ],
            "project": "agentic-experiments-446019",
            "role_id": "paymentPipelineRoledev",
            "stage": "GA",
            "title": "Payment Pipeline Custom Role dev"
          },
          "sensitive_attributes": [],
          "private": "bnVsbA==",
          "dependencies": [
            "module.services.google_project_service.required_apis"
          ]
        }
      ]
    },
    {
      "module": "module.iam",
      "mode": "managed",
      "type": "google_project_iam_member",
      "name": "compute_service_account",
      "provider": "provider[\"registry.terraform.io/hashicorp/google\"]",
      "instances": [
        {
          "schema_version": 0,
          "attributes": {
            "condition": [],
            "etag": "BwYqYVcIk4U=",
            "id": "agentic-experiments-446019/roles/iam.serviceAccountUser/serviceAccount:867895878306-compute@developer.gserviceaccount.com",
            "member": "serviceAccount:867895878306-compute@developer.gserviceaccount.com",
            "project": "agentic-experiments-446019",
            "role": "roles/iam.serviceAccountUser"
          },
          "sensitive_attributes": [],
          "private": "bnVsbA==",
          "dependencies": [
            "module.iam.data.google_project.project",
            "module.services.google_project_service.required_apis"
          ]
        }
      ]
    },
    {
      "module": "module.iam",
      "mode": "managed",
      "type": "google_project_iam_member",
      "name": "pipeline_custom_role",
      "provider": "provider[\"registry.terraform.io/hashicorp/google\"]",
      "instances": [
        {
          "schema_version": 0,
          "attributes": {
            "condition": [],
            "etag": "BwYqYVcIk4U=",
            "id": "agentic-experiments-446019/projects/agentic-experiments-446019/roles/paymentPipelineRoledev/serviceAccount:payment-pipeline-sa-dev@agentic-experiments-446019.iam.gserviceaccount.com",
            "member": "serviceAccount:payment-pipeline-sa-dev@agentic-experiments-446019.iam.gserviceaccount.com",
            "project": "agentic-experiments-446019",
            "role": "projects/agentic-experiments-446019/roles/paymentPipelineRoledev"
          },
          "sensitive_attributes": [],
          "private": "bnVsbA==",
          "dependencies": [
            "module.iam.google_project_iam_custom_role.pipeline_custom_role",
            "module.iam.google_service_account.pipeline_service_account",
            "module.services.google_project_service.required_apis"
          ]
        }
      ]
    },
    {
      "module": "module.iam",
      "mode": "managed",
      "type": "google_project_iam_member",
      "name": "pipeline_roles",
      "provider": "provider[\"registry.terraform.io/hashicorp/google\"]",
      "instances": [
        {
          "index_key": "roles/bigquery.dataEditor",
          "schema_version": 0,
          "attributes": {
            "condition": [],
            "etag": "BwYqYVcIk4U=",
            "id": "agentic-experiments-446019/roles/bigquery.dataEditor/serviceAccount:payment-pipeline-sa-dev@agentic-experiments-446019.iam.gserviceaccount.com",
            "member": "serviceAccount:payment-pipeline-sa-dev@agentic-experiments-446019.iam.gserviceaccount.com",
            "project": "agentic-experiments-446019",
            "role": "roles/bigquery.dataEditor"
          },
          "sensitive_attributes": [],
          "private": "bnVsbA==",
          "dependencies": [
            "module.iam.google_service_account.pipeline_service_account",
            "module.services.google_project_service.required_apis"
          ]
        },
        {
          "index_key": "roles/bigquery.jobUser",
          "schema_version": 0,
          "attributes": {
            "condition": [],
            "etag": "BwYqYVcIk4U=",
            "id": "agentic-experiments-446019/roles/bigquery.jobUser/serviceAccount:payment-pipeline-sa-dev@agentic-experiments-446019.iam.gserviceaccount.com",
            "member": "serviceAccount:payment-pipeline-sa-dev@agentic-experiments-446019.iam.gserviceaccount.com",
            "project": "agentic-experiments-446019",
            "role": "roles/bigquery.jobUser"
          },
          "sensitive_attributes": [],
          "private": "bnVsbA==",
          "dependencies": [
            "module.iam.google_service_account.pipeline_service_account",
            "module.services.google_project_service.required_apis"
          ]
        },
        {
          "index_key": "roles/bigquery.user",
          "schema_version": 0,
          "attributes": {
            "condition": [],
            "etag": "BwYqYVcIk4U=",
            "id": "agentic-experiments-446019/roles/bigquery.user/serviceAccount:payment-pipeline-sa-dev@agentic-experiments-446019.iam.gserviceaccount.com",
            "member": "serviceAccount:payment-pipeline-sa-dev@agentic-experiments-446019.iam.gserviceaccount.com",
            "project": "agentic-experiments-446019",
            "role": "roles/bigquery.user"
          },
          "sensitive_attributes": [],
          "private": "bnVsbA==",
          "dependencies": [
            "module.iam.google_service_account.pipeline_service_account",
            "module.services.google_project_service.required_apis"
          ]
        },
        {
          "index_key": "roles/bigtable.user",
          "schema_version": 0,
          "attributes": {
            "condition": [],
            "etag": "BwYqYVcIk4U=",
            "id": "agentic-experiments-446019/roles/bigtable.user/serviceAccount:payment-pipeline-sa-dev@agentic-experiments-446019.iam.gserviceaccount.com",
            "member": "serviceAccount:payment-pipeline-sa-dev@agentic-experiments-446019.iam.gserviceaccount.com",
            "project": "agentic-experiments-446019",
            "role": "roles/bigtable.user"
          },
          "sensitive_attributes": [],
          "private": "bnVsbA==",
          "dependencies": [
            "module.iam.google_service_account.pipeline_service_account",
            "module.services.google_project_service.required_apis"
          ]
        },
        {
          "index_key": "roles/dataflow.worker",
          "schema_version": 0,
          "attributes": {
            "condition": [],
            "etag": "BwYqYVcIk4U=",
            "id": "agentic-experiments-446019/roles/dataflow.worker/serviceAccount:payment-pipeline-sa-dev@agentic-experiments-446019.iam.gserviceaccount.com",
            "member": "serviceAccount:payment-pipeline-sa-dev@agentic-experiments-446019.iam.gserviceaccount.com",
            "project": "agentic-experiments-446019",
            "role": "roles/dataflow.worker"
          },
          "sensitive_attributes": [],
          "private": "bnVsbA==",
          "dependencies": [
            "module.iam.google_service_account.pipeline_service_account",
            "module.services.google_project_service.required_apis"
          ]
        },
        {
          "index_key": "roles/pubsub.publisher",
          "schema_version": 0,
          "attributes": {
            "condition": [],
            "etag": "BwYqYVcIk4U=",
            "id": "agentic-experiments-446019/roles/pubsub.publisher/serviceAccount:payment-pipeline-sa-dev@agentic-experiments-446019.iam.gserviceaccount.com",
            "member": "serviceAccount:payment-pipeline-sa-dev@agentic-experiments-446019.iam.gserviceaccount.com",
            "project": "agentic-experiments-446019",
            "role": "roles/pubsub.publisher"
          },
          "sensitive_attributes": [],
          "private": "bnVsbA==",
          "dependencies": [
            "module.iam.google_service_account.pipeline_service_account",
            "module.services.google_project_service.required_apis"
          ]
        },
        {
          "index_key": "roles/pubsub.subscriber",
          "schema_version": 0,
          "attributes": {
            "condition": [],
            "etag": "BwYqYVcIk4U=",
            "id": "agentic-experiments-446019/roles/pubsub.subscriber/serviceAccount:payment-pipeline-sa-dev@agentic-experiments-446019.iam.gserviceaccount.com",
            "member": "serviceAccount:payment-pipeline-sa-dev@agentic-experiments-446019.iam.gserviceaccount.com",
            "project": "agentic-experiments-446019",
            "role": "roles/pubsub.subscriber"
          },
          "sensitive_attributes": [],
          "private": "bnVsbA==",
          "dependencies": [
            "module.iam.google_service_account.pipeline_service_account",
            "module.services.google_project_service.required_apis"
          ]
        },
        {
          "index_key": "roles/storage.objectViewer",
          "schema_version": 0,
          "attributes": {
            "condition": [],
            "etag": "BwYqYVcIk4U=",
            "id": "agentic-experiments-446019/roles/storage.objectViewer/serviceAccount:payment-pipeline-sa-dev@agentic-experiments-446019.iam.gserviceaccount.com",
            "member": "serviceAccount:payment-pipeline-sa-dev@agentic-experiments-446019.iam.gserviceaccount.com",
            "project": "agentic-experiments-446019",
            "role": "roles/storage.objectViewer"
          },
          "sensitive_attributes": [],
          "private": "bnVsbA==",
          "dependencies": [
            "module.iam.google_service_account.pipeline_service_account",
            "module.services.google_project_service.required_apis"
          ]
        }
      ]
    },
    {
      "module": "module.iam",
      "mode": "managed",
      "type": "google_service_account",
      "name": "pipeline_service_account",
      "provider": "provider[\"registry.terraform.io/hashicorp/google\"]",
      "instances": [
        {
          "schema_version": 0,
          "attributes": {
            "account_id": "payment-pipeline-sa-dev",
            "description": "",
            "disabled": false,
            "display_name": "Payment Pipeline Service Account dev",
            "email": "payment-pipeline-sa-dev@agentic-experiments-446019.iam.gserviceaccount.com",
            "id": "projects/agentic-experiments-446019/serviceAccounts/payment-pipeline-sa-dev@agentic-experiments-446019.iam.gserviceaccount.com",
            "member": "serviceAccount:payment-pipeline-sa-dev@agentic-experiments-446019.iam.gserviceaccount.com",
            "name": "projects/agentic-experiments-446019/serviceAccounts/payment-pipeline-sa-dev@agentic-experiments-446019.iam.gserviceaccount.com",
            "project": "agentic-experiments-446019",
            "timeouts": null,
            "unique_id": "110863649796235822369"
          },
          "sensitive_attributes": [],
          "private": "eyJlMmJmYjczMC1lY2FhLTExZTYtOGY4OC0zNDM2M2JjN2M0YzAiOnsiY3JlYXRlIjozMDAwMDAwMDAwMDB9fQ==",
          "dependencies": [
            "module.services.google_project_service.required_apis"
          ]
        }
      ]
    },
    {
      "module": "module.pubsub",
      "mode": "managed",
      "type": "google_pubsub_subscription",
      "name": "payments",
      "provider": "provider[\"registry.terraform.io/hashicorp/google\"]",
      "instances": [
        {
          "schema_version": 0,
          "attributes": {
            "ack_deadline_seconds": 60,
            "bigquery_config": [],
            "cloud_storage_config": [],
            "dead_letter_policy": [],
            "enable_exactly_once_delivery": false,
            "enable_message_ordering": true,
            "expiration_policy": [
              {
                "ttl": "2592000s"
              }
            ],
            "filter": "",
            "id": "projects/agentic-experiments-446019/subscriptions/payments-sub-dev",
            "labels": {},
            "message_retention_duration": "604800s",
            "name": "payments-sub-dev",
            "project": "agentic-experiments-446019",
            "push_config": [],
            "retain_acked_messages": false,
            "retry_policy": [
              {
                "maximum_backoff": "600s",
                "minimum_backoff": "10s"
              }
            ],
            "timeouts": null,
            "topic": "projects/agentic-experiments-446019/topics/payments-dev"
          },
          "sensitive_attributes": [],
          "private": "eyJlMmJmYjczMC1lY2FhLTExZTYtOGY4OC0zNDM2M2JjN2M0YzAiOnsiY3JlYXRlIjoxMjAwMDAwMDAwMDAwLCJkZWxldGUiOjEyMDAwMDAwMDAwMDAsInVwZGF0ZSI6MTIwMDAwMDAwMDAwMH19",
          "dependencies": [
            "module.iam.data.google_project.project",
            "module.iam.google_project_iam_custom_role.pipeline_custom_role",
            "module.iam.google_project_iam_member.compute_service_account",
            "module.iam.google_project_iam_member.pipeline_custom_role",
            "module.iam.google_project_iam_member.pipeline_roles",
            "module.iam.google_service_account.pipeline_service_account",
            "module.pubsub.google_pubsub_topic.payments",
            "module.services.google_project_service.required_apis"
          ]
        }
      ]
    },
    {
      "module": "module.pubsub",
      "mode": "managed",
      "type": "google_pubsub_subscription_iam_member",
      "name": "subscriber",
      "provider": "provider[\"registry.terraform.io/hashicorp/google\"]",
      "instances": [
        {
          "schema_version": 0,
          "attributes": {
            "condition": [],
            "etag": "BwYqYVe3K0A=",
            "id": "projects/agentic-experiments-446019/subscriptions/payments-sub-dev/roles/pubsub.subscriber/serviceAccount:payment-pipeline-sa-dev@agentic-experiments-446019.iam.gserviceaccount.com",
            "member": "serviceAccount:payment-pipeline-sa-dev@agentic-experiments-446019.iam.gserviceaccount.com",
            "project": "agentic-experiments-446019",
            "role": "roles/pubsub.subscriber",
            "subscription": "payments-sub-dev"
          },
          "sensitive_attributes": [],
          "private": "bnVsbA==",
          "dependencies": [
            "module.iam.data.google_project.project",
            "module.iam.google_project_iam_custom_role.pipeline_custom_role",
            "module.iam.google_project_iam_member.compute_service_account",
            "module.iam.google_project_iam_member.pipeline_custom_role",
            "module.iam.google_project_iam_member.pipeline_roles",
            "module.iam.google_service_account.pipeline_service_account",
            "module.pubsub.google_pubsub_subscription.payments",
            "module.pubsub.google_pubsub_topic.payments",
            "module.services.google_project_service.required_apis"
          ]
        }
      ]
    },
    {
      "module": "module.pubsub",
      "mode": "managed",
      "type": "google_pubsub_topic",
      "name": "payments",
      "provider": "provider[\"registry.terraform.io/hashicorp/google\"]",
      "instances": [
        {
          "schema_version": 0,
          "attributes": {
            "id": "projects/agentic-experiments-446019/topics/payments-dev",
            "kms_key_name": "",
            "labels": {},
            "message_retention_duration": "",
            "message_storage_policy": [],
            "name": "payments-dev",
            "project": "agentic-experiments-446019",
            "schema_settings": [],
            "timeouts": null
          },
          "sensitive_attributes": [],
          "private": "eyJlMmJmYjczMC1lY2FhLTExZTYtOGY4OC0zNDM2M2JjN2M0YzAiOnsiY3JlYXRlIjoxMjAwMDAwMDAwMDAwLCJkZWxldGUiOjEyMDAwMDAwMDAwMDAsInVwZGF0ZSI6MTIwMDAwMDAwMDAwMH19",
          "dependencies": [
            "module.iam.data.google_project.project",
            "module.iam.google_project_iam_custom_role.pipeline_custom_role",
            "module.iam.google_project_iam_member.compute_service_account",
            "module.iam.google_project_iam_member.pipeline_custom_role",
            "module.iam.google_project_iam_member.pipeline_roles",
            "module.iam.google_service_account.pipeline_service_account",
            "module.services.google_project_service.required_apis"
          ]
        }
      ]
    },
    {
      "module": "module.pubsub",
      "mode": "managed",
      "type": "google_pubsub_topic_iam_member",
      "name": "publisher",
      "provider": "provider[\"registry.terraform.io/hashicorp/google\"]",
      "instances": [
        {
          "schema_version": 0,
          "attributes": {
            "condition": [],
            "etag": "BwYqYVeTrj0=",
            "id": "projects/agentic-experiments-446019/topics/payments-dev/roles/pubsub.publisher/serviceAccount:payment-pipeline-sa-dev@agentic-experiments-446019.iam.gserviceaccount.com",
            "member": "serviceAccount:payment-pipeline-sa-dev@agentic-experiments-446019.iam.gserviceaccount.com",
            "project": "agentic-experiments-446019",
            "role": "roles/pubsub.publisher",
            "topic": "projects/agentic-experiments-446019/topics/payments-dev"
          },
          "sensitive_attributes": [],
          "private": "bnVsbA==",
          "dependencies": [
            "module.iam.data.google_project.project",
            "module.iam.google_project_iam_custom_role.pipeline_custom_role",
            "module.iam.google_project_iam_member.compute_service_account",
            "module.iam.google_project_iam_member.pipeline_custom_role",
            "module.iam.google_project_iam_member.pipeline_roles",
            "module.iam.google_service_account.pipeline_service_account",
            "module.pubsub.google_pubsub_topic.payments",
            "module.services.google_project_service.required_apis"
          ]
        }
      ]
    },
    {
      "module": "module.services",
      "mode": "managed",
      "type": "google_project_service",
      "name": "required_apis",
      "provider": "provider[\"registry.terraform.io/hashicorp/google\"]",
      "instances": [
        {
          "index_key": "bigquery",
          "schema_version": 0,
          "attributes": {
            "disable_dependent_services": true,
            "disable_on_destroy": false,
            "id": "agentic-experiments-446019/bigquery.googleapis.com",
            "project": "agentic-experiments-446019",
            "service": "bigquery.googleapis.com",
            "timeouts": null
          },
          "sensitive_attributes": [],
          "private": "eyJlMmJmYjczMC1lY2FhLTExZTYtOGY4OC0zNDM2M2JjN2M0YzAiOnsiY3JlYXRlIjoxMjAwMDAwMDAwMDAwLCJkZWxldGUiOjEyMDAwMDAwMDAwMDAsInJlYWQiOjYwMDAwMDAwMDAwMCwidXBkYXRlIjoxMjAwMDAwMDAwMDAwfX0="
        },
        {
          "index_key": "bigtable",
          "schema_version": 0,
          "attributes": {
            "disable_dependent_services": true,
            "disable_on_destroy": false,
            "id": "agentic-experiments-446019/bigtable.googleapis.com",
            "project": "agentic-experiments-446019",
            "service": "bigtable.googleapis.com",
            "timeouts": null
          },
          "sensitive_attributes": [],
          "private": "eyJlMmJmYjczMC1lY2FhLTExZTYtOGY4OC0zNDM2M2JjN2M0YzAiOnsiY3JlYXRlIjoxMjAwMDAwMDAwMDAwLCJkZWxldGUiOjEyMDAwMDAwMDAwMDAsInJlYWQiOjYwMDAwMDAwMDAwMCwidXBkYXRlIjoxMjAwMDAwMDAwMDAwfX0="
        },
        {
          "index_key": "cloudresourcemanager",
          "schema_version": 0,
          "attributes": {
            "disable_dependent_services": true,
            "disable_on_destroy": false,
            "id": "agentic-experiments-446019/cloudresourcemanager.googleapis.com",
            "project": "agentic-experiments-446019",
            "service": "cloudresourcemanager.googleapis.com",
            "timeouts": null
          },
          "sensitive_attributes": [],
          "private": "eyJlMmJmYjczMC1lY2FhLTExZTYtOGY4OC0zNDM2M2JjN2M0YzAiOnsiY3JlYXRlIjoxMjAwMDAwMDAwMDAwLCJkZWxldGUiOjEyMDAwMDAwMDAwMDAsInJlYWQiOjYwMDAwMDAwMDAwMCwidXBkYXRlIjoxMjAwMDAwMDAwMDAwfX0="
        },
        {
          "index_key": "compute",
          "schema_version": 0,
          "attributes": {
            "disable_dependent_services": true,
            "disable_on_destroy": false,
            "id": "agentic-experiments-446019/compute.googleapis.com",
            "project": "agentic-experiments-446019",
            "service": "compute.googleapis.com",
            "timeouts": null
          },
          "sensitive_attributes": [],
          "private": "eyJlMmJmYjczMC1lY2FhLTExZTYtOGY4OC0zNDM2M2JjN2M0YzAiOnsiY3JlYXRlIjoxMjAwMDAwMDAwMDAwLCJkZWxldGUiOjEyMDAwMDAwMDAwMDAsInJlYWQiOjYwMDAwMDAwMDAwMCwidXBkYXRlIjoxMjAwMDAwMDAwMDAwfX0="
        },
        {
          "index_key": "dataflow",
          "schema_version": 0,
          "attributes": {
            "disable_dependent_services": true,
            "disable_on_destroy": false,
            "id": "agentic-experiments-446019/dataflow.googleapis.com",
            "project": "agentic-experiments-446019",
            "service": "dataflow.googleapis.com",
            "timeouts": null
          },
          "sensitive_attributes": [],
          "private": "eyJlMmJmYjczMC1lY2FhLTExZTYtOGY4OC0zNDM2M2JjN2M0YzAiOnsiY3JlYXRlIjoxMjAwMDAwMDAwMDAwLCJkZWxldGUiOjEyMDAwMDAwMDAwMDAsInJlYWQiOjYwMDAwMDAwMDAwMCwidXBkYXRlIjoxMjAwMDAwMDAwMDAwfX0="
        },
        {
          "index_key": "iam",
          "schema_version": 0,
          "attributes": {
            "disable_dependent_services": true,
            "disable_on_destroy": false,
            "id": "agentic-experiments-446019/iam.googleapis.com",
            "project": "agentic-experiments-446019",
            "service": "iam.googleapis.com",
            "timeouts": null
          },
          "sensitive_attributes": [],
          "private": "eyJlMmJmYjczMC1lY2FhLTExZTYtOGY4OC0zNDM2M2JjN2M0YzAiOnsiY3JlYXRlIjoxMjAwMDAwMDAwMDAwLCJkZWxldGUiOjEyMDAwMDAwMDAwMDAsInJlYWQiOjYwMDAwMDAwMDAwMCwidXBkYXRlIjoxMjAwMDAwMDAwMDAwfX0="
        },
        {
          "index_key": "pubsub",
          "schema_version": 0,
          "attributes": {
            "disable_dependent_services": true,
            "disable_on_destroy": false,
            "id": "agentic-experiments-446019/pubsub.googleapis.com",
            "project": "agentic-experiments-446019",
            "service": "pubsub.googleapis.com",
            "timeouts": null
          },
          "sensitive_attributes": [],
          "private": "eyJlMmJmYjczMC1lY2FhLTExZTYtOGY4OC0zNDM2M2JjN2M0YzAiOnsiY3JlYXRlIjoxMjAwMDAwMDAwMDAwLCJkZWxldGUiOjEyMDAwMDAwMDAwMDAsInJlYWQiOjYwMDAwMDAwMDAwMCwidXBkYXRlIjoxMjAwMDAwMDAwMDAwfX0="
        },
        {
          "index_key": "serviceusage",
          "schema_version": 0,
          "attributes": {
            "disable_dependent_services": true,
            "disable_on_destroy": false,
            "id": "agentic-experiments-446019/serviceusage.googleapis.com",
            "project": "agentic-experiments-446019",
            "service": "serviceusage.googleapis.com",
            "timeouts": null
          },
          "sensitive_attributes": [],
          "private": "eyJlMmJmYjczMC1lY2FhLTExZTYtOGY4OC0zNDM2M2JjN2M0YzAiOnsiY3JlYXRlIjoxMjAwMDAwMDAwMDAwLCJkZWxldGUiOjEyMDAwMDAwMDAwMDAsInJlYWQiOjYwMDAwMDAwMDAwMCwidXBkYXRlIjoxMjAwMDAwMDAwMDAwfX0="
        },
        {
          "index_key": "storage",
          "schema_version": 0,
          "attributes": {
            "disable_dependent_services": true,
            "disable_on_destroy": false,
            "id": "agentic-experiments-446019/storage.googleapis.com",
            "project": "agentic-experiments-446019",
            "service": "storage.googleapis.com",
            "timeouts": null
          },
          "sensitive_attributes": [],
          "private": "eyJlMmJmYjczMC1lY2FhLTExZTYtOGY4OC0zNDM2M2JjN2M0YzAiOnsiY3JlYXRlIjoxMjAwMDAwMDAwMDAwLCJkZWxldGUiOjEyMDAwMDAwMDAwMDAsInJlYWQiOjYwMDAwMDAwMDAwMCwidXBkYXRlIjoxMjAwMDAwMDAwMDAwfX0="
        }
      ]
    },
    {
      "module": "module.storage",
      "mode": "managed",
      "type": "google_storage_bucket",
      "name": "dataflow_staging",
      "provider": "provider[\"registry.terraform.io/hashicorp/google\"]",
      "instances": [
        {
          "schema_version": 0,
          "attributes": {
            "autoclass": [],
            "cors": [],
            "custom_placement_config": [],
            "default_event_based_hold": false,
            "encryption": [],
            "force_destroy": true,
            "id": "dataflow-staging-agentic-experiments-446019-dev",
            "labels": {},
            "lifecycle_rule": [
              {
                "action": [
                  {
                    "storage_class": "",
                    "type": "Delete"
                  }
                ],
                "condition": [
                  {
                    "age": 7,
                    "created_before": "",
                    "custom_time_before": "",
                    "days_since_custom_time": 0,
                    "days_since_noncurrent_time": 0,
                    "matches_prefix": [],
                    "matches_storage_class": [],
                    "matches_suffix": [],
                    "noncurrent_time_before": "",
                    "num_newer_versions": 0,
                    "with_state": "ANY"
                  }
                ]
              }
            ],
            "location": "US",
            "logging": [],
            "name": "dataflow-staging-agentic-experiments-446019-dev",
            "project": "agentic-experiments-446019",
            "public_access_prevention": "inherited",
            "requester_pays": false,
            "retention_policy": [],
            "self_link": "https://www.googleapis.com/storage/v1/b/dataflow-staging-agentic-experiments-446019-dev",
            "soft_delete_policy": [
              {
                "effective_time": "2024-12-29T04:43:47.469Z",
                "retention_duration_seconds": 604800
              }
            ],
            "storage_class": "STANDARD",
            "timeouts": null,
            "uniform_bucket_level_access": true,
            "url": "gs://dataflow-staging-agentic-experiments-446019-dev",
            "versioning": [
              {
                "enabled": true
              }
            ],
            "website": []
          },
          "sensitive_attributes": [],
          "private": "eyJlMmJmYjczMC1lY2FhLTExZTYtOGY4OC0zNDM2M2JjN2M0YzAiOnsiY3JlYXRlIjo2MDAwMDAwMDAwMDAsInJlYWQiOjI0MDAwMDAwMDAwMCwidXBkYXRlIjoyNDAwMDAwMDAwMDB9fQ==",
          "dependencies": [
            "module.iam.data.google_project.project",
            "module.iam.google_project_iam_custom_role.pipeline_custom_role",
            "module.iam.google_project_iam_member.compute_service_account",
            "module.iam.google_project_iam_member.pipeline_custom_role",
            "module.iam.google_project_iam_member.pipeline_roles",
            "module.iam.google_service_account.pipeline_service_account",
            "module.services.google_project_service.required_apis"
          ]
        }
      ]
    },
    {
      "module": "module.storage",
      "mode": "managed",
      "type": "google_storage_bucket",
      "name": "dataflow_temp",
      "provider": "provider[\"registry.terraform.io/hashicorp/google\"]",
      "instances": [
        {
          "schema_version": 0,
          "attributes": {
            "autoclass": [],
            "cors": [],
            "custom_placement_config": [],
            "default_event_based_hold": false,
            "encryption": [],
            "force_destroy": true,
            "id": "dataflow-temp-agentic-experiments-446019-dev",
            "labels": {},
            "lifecycle_rule": [
              {
                "action": [
                  {
                    "storage_class": "",
                    "type": "Delete"
                  }
                ],
                "condition": [
                  {
                    "age": 7,
                    "created_before": "",
                    "custom_time_before": "",
                    "days_since_custom_time": 0,
                    "days_since_noncurrent_time": 0,
                    "matches_prefix": [],
                    "matches_storage_class": [],
                    "matches_suffix": [],
                    "noncurrent_time_before": "",
                    "num_newer_versions": 0,
                    "with_state": "ANY"
                  }
                ]
              }
            ],
            "location": "US",
            "logging": [],
            "name": "dataflow-temp-agentic-experiments-446019-dev",
            "project": "agentic-experiments-446019",
            "public_access_prevention": "inherited",
            "requester_pays": false,
            "retention_policy": [],
            "self_link": "https://www.googleapis.com/storage/v1/b/dataflow-temp-agentic-experiments-446019-dev",
            "soft_delete_policy": [
              {
                "effective_time": "2024-12-29T04:43:47.338Z",
                "retention_duration_seconds": 604800
              }
            ],
            "storage_class": "STANDARD",
            "timeouts": null,
            "uniform_bucket_level_access": true,
            "url": "gs://dataflow-temp-agentic-experiments-446019-dev",
            "versioning": [
              {
                "enabled": true
              }
            ],
            "website": []
          },
          "sensitive_attributes": [],
          "private": "eyJlMmJmYjczMC1lY2FhLTExZTYtOGY4OC0zNDM2M2JjN2M0YzAiOnsiY3JlYXRlIjo2MDAwMDAwMDAwMDAsInJlYWQiOjI0MDAwMDAwMDAwMCwidXBkYXRlIjoyNDAwMDAwMDAwMDB9fQ==",
          "dependencies": [
            "module.iam.data.google_project.project",
            "module.iam.google_project_iam_custom_role.pipeline_custom_role",
            "module.iam.google_project_iam_member.compute_service_account",
            "module.iam.google_project_iam_member.pipeline_custom_role",
            "module.iam.google_project_iam_member.pipeline_roles",
            "module.iam.google_service_account.pipeline_service_account",
            "module.services.google_project_service.required_apis"
          ]
        }
      ]
    },
    {
      "module": "module.storage",
      "mode": "managed",
      "type": "google_storage_bucket_iam_member",
      "name": "staging_bucket_access",
      "provider": "provider[\"registry.terraform.io/hashicorp/google\"]",
      "instances": [
        {
          "schema_version": 0,
          "attributes": {
            "bucket": "b/dataflow-staging-agentic-experiments-446019-dev",
            "condition": [],
            "etag": "CAI=",
            "id": "b/dataflow-staging-agentic-experiments-446019-dev/roles/storage.objectViewer/serviceAccount:payment-pipeline-sa-dev@agentic-experiments-446019.iam.gserviceaccount.com",
            "member": "serviceAccount:payment-pipeline-sa-dev@agentic-experiments-446019.iam.gserviceaccount.com",
            "role": "roles/storage.objectViewer"
          },
          "sensitive_attributes": [],
          "private": "bnVsbA==",
          "dependencies": [
            "module.iam.data.google_project.project",
            "module.iam.google_project_iam_custom_role.pipeline_custom_role",
            "module.iam.google_project_iam_member.compute_service_account",
            "module.iam.google_project_iam_member.pipeline_custom_role",
            "module.iam.google_project_iam_member.pipeline_roles",
            "module.iam.google_service_account.pipeline_service_account",
            "module.services.google_project_service.required_apis",
            "module.storage.google_storage_bucket.dataflow_staging"
          ]
        }
      ]
    },
    {
      "module": "module.storage",
      "mode": "managed",
      "type": "google_storage_bucket_iam_member",
      "name": "temp_bucket_access",
      "provider": "provider[\"registry.terraform.io/hashicorp/google\"]",
      "instances": [
        {
          "schema_version": 0,
          "attributes": {
            "bucket": "b/dataflow-temp-agentic-experiments-446019-dev",
            "condition": [],
            "etag": "CAI=",
            "id": "b/dataflow-temp-agentic-experiments-446019-dev/roles/storage.objectViewer/serviceAccount:payment-pipeline-sa-dev@agentic-experiments-446019.iam.gserviceaccount.com",
            "member": "serviceAccount:payment-pipeline-sa-dev@agentic-experiments-446019.iam.gserviceaccount.com",
            "role": "roles/storage.objectViewer"
          },
          "sensitive_attributes": [],
          "private": "bnVsbA==",
          "dependencies": [
            "module.iam.data.google_project.project",
            "module.iam.google_project_iam_custom_role.pipeline_custom_role",
            "module.iam.google_project_iam_member.compute_service_account",
            "module.iam.google_project_iam_member.pipeline_custom_role",
            "module.iam.google_project_iam_member.pipeline_roles",
            "module.iam.google_service_account.pipeline_service_account",
            "module.services.google_project_service.required_apis",
            "module.storage.google_storage_bucket.dataflow_temp"
          ]
        }
      ]
    }
  ],
  "check_results": null
}
